
Microsoft Visual Studio Solution File, Format Version 12.00
# Visual Studio Version 17
VisualStudioVersion = 17.3.32811.315
MinimumVisualStudioVersion = 10.0.40219.1
Project("{8BC9CEB8-8B4A-11D0-8D11-00A0C91BC942}") = "AcroEngine", "AcroEngine\AcroEngine.vcxproj", "{9206450E-DEDC-42CA-993B-290D0B8000AB}"
EndProject
Project("{8BC9CEB8-8B4A-11D0-8D11-00A0C91BC942}") = "XPlatform", "XPlatform\XPlatform.vcxproj", "{82541852-D836-42C6-B148-C16CC56781A7}"
EndProject
Project("{8BC9CEB8-8B4A-11D0-8D11-00A0C91BC942}") = "FrameUI", "FrameUI\FrameUI.vcxproj", "{E1F2F37B-FC36-4BB7-B673-831ED23DD2F2}"
EndProject
Project("{888888A0-9F3D-457C-B088-3A5042F75D52}") = "AcroTool", "AcroTool\AcroTool.pyproj", "{F64BB11D-ECAE-4641-B059-C15D675C5C7B}"
EndProject
Project("{8BC9CEB8-8B4A-11D0-8D11-00A0C91BC942}") = "AcroEditor", "AcroEditor\AcroEditor.vcxproj", "{87A2AEB4-1F32-4BE5-8B29-B8AA4B62DCAD}"
EndProject
Project("{8BC9CEB8-8B4A-11D0-8D11-00A0C91BC942}") = "ProjectExample", "ProjectExample\ProjectExample.vcxproj", "{170DA8FF-898B-49D8-A4B0-EE930D0E0F33}"
EndProject
Global
	GlobalSection(SolutionConfigurationPlatforms) = preSolution
		Debug|Any CPU = Debug|Any CPU
		Debug|x64 = Debug|x64
		Debug|x86 = Debug|x86
		Release|Any CPU = Release|Any CPU
		Release|x64 = Release|x64
		Release|x86 = Release|x86
	EndGlobalSection
	GlobalSection(ProjectConfigurationPlatforms) = postSolution
		{9206450E-DEDC-42CA-993B-290D0B8000AB}.Debug|Any CPU.ActiveCfg = Debug|x64
		{9206450E-DEDC-42CA-993B-290D0B8000AB}.Debug|Any CPU.Build.0 = Debug|x64
		{9206450E-DEDC-42CA-993B-290D0B8000AB}.Debug|x64.ActiveCfg = Debug|x64
		{9206450E-DEDC-42CA-993B-290D0B8000AB}.Debug|x64.Build.0 = Debug|x64
		{9206450E-DEDC-42CA-993B-290D0B8000AB}.Debug|x86.ActiveCfg = Debug|Win32
		{9206450E-DEDC-42CA-993B-290D0B8000AB}.Debug|x86.Build.0 = Debug|Win32
		{9206450E-DEDC-42CA-993B-290D0B8000AB}.Release|Any CPU.ActiveCfg = Release|x64
		{9206450E-DEDC-42CA-993B-290D0B8000AB}.Release|Any CPU.Build.0 = Release|x64
		{9206450E-DEDC-42CA-993B-290D0B8000AB}.Release|x64.ActiveCfg = Release|x64
		{9206450E-DEDC-42CA-993B-290D0B8000AB}.Release|x64.Build.0 = Release|x64
		{9206450E-DEDC-42CA-993B-290D0B8000AB}.Release|x86.ActiveCfg = Release|Win32
		{9206450E-DEDC-42CA-993B-290D0B8000AB}.Release|x86.Build.0 = Release|Win32
		{82541852-D836-42C6-B148-C16CC56781A7}.Debug|Any CPU.ActiveCfg = Debug|x64
		{82541852-D836-42C6-B148-C16CC56781A7}.Debug|Any CPU.Build.0 = Debug|x64
		{82541852-D836-42C6-B148-C16CC56781A7}.Debug|x64.ActiveCfg = Debug|x64
		{82541852-D836-42C6-B148-C16CC56781A7}.Debug|x64.Build.0 = Debug|x64
		{82541852-D836-42C6-B148-C16CC56781A7}.Debug|x86.ActiveCfg = Debug|Win32
		{82541852-D836-42C6-B148-C16CC56781A7}.Debug|x86.Build.0 = Debug|Win32
		{82541852-D836-42C6-B148-C16CC56781A7}.Release|Any CPU.ActiveCfg = Release|x64
		{82541852-D836-42C6-B148-C16CC56781A7}.Release|Any CPU.Build.0 = Release|x64
		{82541852-D836-42C6-B148-C16CC56781A7}.Release|x64.ActiveCfg = Release|x64
		{82541852-D836-42C6-B148-C16CC56781A7}.Release|x64.Build.0 = Release|x64
		{82541852-D836-42C6-B148-C16CC56781A7}.Release|x86.ActiveCfg = Release|Win32
		{82541852-D836-42C6-B148-C16CC56781A7}.Release|x86.Build.0 = Release|Win32
		{E1F2F37B-FC36-4BB7-B673-831ED23DD2F2}.Debug|Any CPU.ActiveCfg = Debug|x64
		{E1F2F37B-FC36-4BB7-B673-831ED23DD2F2}.Debug|Any CPU.Build.0 = Debug|x64
		{E1F2F37B-FC36-4BB7-B673-831ED23DD2F2}.Debug|x64.ActiveCfg = Debug|x64
		{E1F2F37B-FC36-4BB7-B673-831ED23DD2F2}.Debug|x64.Build.0 = Debug|x64
		{E1F2F37B-FC36-4BB7-B673-831ED23DD2F2}.Debug|x86.ActiveCfg = Debug|Win32
		{E1F2F37B-FC36-4BB7-B673-831ED23DD2F2}.Debug|x86.Build.0 = Debug|Win32
		{E1F2F37B-FC36-4BB7-B673-831ED23DD2F2}.Release|Any CPU.ActiveCfg = Release|x64
		{E1F2F37B-FC36-4BB7-B673-831ED23DD2F2}.Release|Any CPU.Build.0 = Release|x64
		{E1F2F37B-FC36-4BB7-B673-831ED23DD2F2}.Release|x64.ActiveCfg = Release|x64
		{E1F2F37B-FC36-4BB7-B673-831ED23DD2F2}.Release|x64.Build.0 = Release|x64
		{E1F2F37B-FC36-4BB7-B673-831ED23DD2F2}.Release|x86.ActiveCfg = Release|Win32
		{E1F2F37B-FC36-4BB7-B673-831ED23DD2F2}.Release|x86.Build.0 = Release|Win32
		{F64BB11D-ECAE-4641-B059-C15D675C5C7B}.Debug|Any CPU.ActiveCfg = Debug|Any CPU
		{F64BB11D-ECAE-4641-B059-C15D675C5C7B}.Debug|x64.ActiveCfg = Debug|Any CPU
		{F64BB11D-ECAE-4641-B059-C15D675C5C7B}.Debug|x86.ActiveCfg = Debug|Any CPU
		{F64BB11D-ECAE-4641-B059-C15D675C5C7B}.Release|Any CPU.ActiveCfg = Release|Any CPU
		{F64BB11D-ECAE-4641-B059-C15D675C5C7B}.Release|x64.ActiveCfg = Release|Any CPU
		{F64BB11D-ECAE-4641-B059-C15D675C5C7B}.Release|x86.ActiveCfg = Release|Any CPU
		{87A2AEB4-1F32-4BE5-8B29-B8AA4B62DCAD}.Debug|Any CPU.ActiveCfg = Debug|x64
		{87A2AEB4-1F32-4BE5-8B29-B8AA4B62DCAD}.Debug|Any CPU.Build.0 = Debug|x64
		{87A2AEB4-1F32-4BE5-8B29-B8AA4B62DCAD}.Debug|x64.ActiveCfg = Debug|x64
		{87A2AEB4-1F32-4BE5-8B29-B8AA4B62DCAD}.Debug|x64.Build.0 = Debug|x64
		{87A2AEB4-1F32-4BE5-8B29-B8AA4B62DCAD}.Debug|x86.ActiveCfg = Debug|Win32
		{87A2AEB4-1F32-4BE5-8B29-B8AA4B62DCAD}.Debug|x86.Build.0 = Debug|Win32
		{87A2AEB4-1F32-4BE5-8B29-B8AA4B62DCAD}.Release|Any CPU.ActiveCfg = Release|x64
		{87A2AEB4-1F32-4BE5-8B29-B8AA4B62DCAD}.Release|Any CPU.Build.0 = Release|x64
		{87A2AEB4-1F32-4BE5-8B29-B8AA4B62DCAD}.Release|x64.ActiveCfg = Release|x64
		{87A2AEB4-1F32-4BE5-8B29-B8AA4B62DCAD}.Release|x64.Build.0 = Release|x64
		{87A2AEB4-1F32-4BE5-8B29-B8AA4B62DCAD}.Release|x86.ActiveCfg = Release|Win32
		{87A2AEB4-1F32-4BE5-8B29-B8AA4B62DCAD}.Release|x86.Build.0 = Release|Win32
		{170DA8FF-898B-49D8-A4B0-EE930D0E0F33}.Debug|Any CPU.ActiveCfg = Debug|x64
		{170DA8FF-898B-49D8-A4B0-EE930D0E0F33}.Debug|Any CPU.Build.0 = Debug|x64
		{170DA8FF-898B-49D8-A4B0-EE930D0E0F33}.Debug|x64.ActiveCfg = Debug|x64
		{170DA8FF-898B-49D8-A4B0-EE930D0E0F33}.Debug|x64.Build.0 = Debug|x64
		{170DA8FF-898B-49D8-A4B0-EE930D0E0F33}.Debug|x86.ActiveCfg = Debug|Win32
		{170DA8FF-898B-49D8-A4B0-EE930D0E0F33}.Debug|x86.Build.0 = Debug|Win32
		{170DA8FF-898B-49D8-A4B0-EE930D0E0F33}.Release|Any CPU.ActiveCfg = Release|x64
		{170DA8FF-898B-49D8-A4B0-EE930D0E0F33}.Release|Any CPU.Build.0 = Release|x64
		{170DA8FF-898B-49D8-A4B0-EE930D0E0F33}.Release|x64.ActiveCfg = Release|x64
		{170DA8FF-898B-49D8-A4B0-EE930D0E0F33}.Release|x64.Build.0 = Release|x64
		{170DA8FF-898B-49D8-A4B0-EE930D0E0F33}.Release|x86.ActiveCfg = Release|Win32
		{170DA8FF-898B-49D8-A4B0-EE930D0E0F33}.Release|x86.Build.0 = Release|Win32
	EndGlobalSection
	GlobalSection(SolutionProperties) = preSolution
		HideSolutionNode = FALSE
	EndGlobalSection
	GlobalSection(ExtensibilityGlobals) = postSolution
		SolutionGuid = {1EA2F873-FFB6-4788-B7BB-D4390F4E0E8E}
	EndGlobalSection
EndGlobal
